
Microsoft Visual Studio Solution File, Format Version 12.00
# Visual Studio Version 16
VisualStudioVersion = 16.0.31702.278
MinimumVisualStudioVersion = 10.0.40219.1
Project("{FAE04EC0-301F-11D3-BF4B-00C04F79EFBC}") = "Marian_Alexandra_Lab5", "Marian_Alexandra_Lab5.csproj", "{AB49769B-5E7C-4D28-B285-06764E5C9840}"
EndProject
Project("{FAE04EC0-301F-11D3-BF4B-00C04F79EFBC}") = "AutoLotModel", "..\AutoLotModel\AutoLotModel.csproj", "{9C7AB614-FD7C-4CCA-A2B7-E9B3801C6314}"
EndProject
Global
	GlobalSection(SolutionConfigurationPlatforms) = preSolution
		Debug|Any CPU = Debug|Any CPU
		Release|Any CPU = Release|Any CPU
	EndGlobalSection
	GlobalSection(ProjectConfigurationPlatforms) = postSolution
		{AB49769B-5E7C-4D28-B285-06764E5C9840}.Debug|Any CPU.ActiveCfg = Debug|Any CPU
		{AB49769B-5E7C-4D28-B285-06764E5C9840}.Debug|Any CPU.Build.0 = Debug|Any CPU
		{AB49769B-5E7C-4D28-B285-06764E5C9840}.Release|Any CPU.ActiveCfg = Release|Any CPU
		{AB49769B-5E7C-4D28-B285-06764E5C9840}.Release|Any CPU.Build.0 = Release|Any CPU
		{9C7AB614-FD7C-4CCA-A2B7-E9B3801C6314}.Debug|Any CPU.ActiveCfg = Debug|Any CPU
		{9C7AB614-FD7C-4CCA-A2B7-E9B3801C6314}.Debug|Any CPU.Build.0 = Debug|Any CPU
		{9C7AB614-FD7C-4CCA-A2B7-E9B3801C6314}.Release|Any CPU.ActiveCfg = Release|Any CPU
		{9C7AB614-FD7C-4CCA-A2B7-E9B3801C6314}.Release|Any CPU.Build.0 = Release|Any CPU
	EndGlobalSection
	GlobalSection(SolutionProperties) = preSolution
		HideSolutionNode = FALSE
	EndGlobalSection
	GlobalSection(ExtensibilityGlobals) = postSolution
		SolutionGuid = {47C6A791-6B05-4B5F-9EA9-1282C0E4EB5F}
	EndGlobalSection
EndGlobal
